// !$*UTF8*$!
{
	archiveVersion = 1;
	classes = {
	};
	objectVersion = 56;
	objects = {

/* Begin PBXBuildFile section */
		783D28F92B93B7E000E95BA1 /* PersistanceManager.swift in Sources */ = {isa = PBXBuildFile; fileRef = 783D28F82B93B7E000E95BA1 /* PersistanceManager.swift */; };
		783D28FC2B93B8E000E95BA1 /* QAButton.swift in Sources */ = {isa = PBXBuildFile; fileRef = 783D28FB2B93B8E000E95BA1 /* QAButton.swift */; };
		783D28FE2B93BA0700E95BA1 /* QATextField.swift in Sources */ = {isa = PBXBuildFile; fileRef = 783D28FD2B93BA0700E95BA1 /* QATextField.swift */; };
		783D29002B93BAAE00E95BA1 /* QAPlayButton.swift in Sources */ = {isa = PBXBuildFile; fileRef = 783D28FF2B93BAAE00E95BA1 /* QAPlayButton.swift */; };
		783D29022B93BE5C00E95BA1 /* ButtonSetup.swift in Sources */ = {isa = PBXBuildFile; fileRef = 783D29012B93BE5C00E95BA1 /* ButtonSetup.swift */; };
		785083F82B8A3F680037288E /* GameVC.swift in Sources */ = {isa = PBXBuildFile; fileRef = 785083F72B8A3F680037288E /* GameVC.swift */; };
		785083FE2B8A3F9B0037288E /* GameView.swift in Sources */ = {isa = PBXBuildFile; fileRef = 785083FD2B8A3F9B0037288E /* GameView.swift */; };
		785560122B864E3300987524 /* LoginVC.swift in Sources */ = {isa = PBXBuildFile; fileRef = 785560112B864E3300987524 /* LoginVC.swift */; };
		785560142B864F6B00987524 /* MainVC.swift in Sources */ = {isa = PBXBuildFile; fileRef = 785560132B864F6B00987524 /* MainVC.swift */; };
		7855601A2B87A8EF00987524 /* Question.swift in Sources */ = {isa = PBXBuildFile; fileRef = 785560192B87A8EF00987524 /* Question.swift */; };
		7855601C2B87AA0400987524 /* QuestionViewModel.swift in Sources */ = {isa = PBXBuildFile; fileRef = 7855601B2B87AA0400987524 /* QuestionViewModel.swift */; };
		785560292B88936500987524 /* UIImage+Extension.swift in Sources */ = {isa = PBXBuildFile; fileRef = 785560282B88936500987524 /* UIImage+Extension.swift */; };
		7855602C2B88CD2300987524 /* LoginStatus.swift in Sources */ = {isa = PBXBuildFile; fileRef = 7855602B2B88CD2300987524 /* LoginStatus.swift */; };
		785560312B88D6EC00987524 /* MainView.swift in Sources */ = {isa = PBXBuildFile; fileRef = 785560302B88D6EC00987524 /* MainView.swift */; };
		785560352B88DFEC00987524 /* EasyToUse.swift in Sources */ = {isa = PBXBuildFile; fileRef = 785560342B88DFEC00987524 /* EasyToUse.swift */; };
		785560382B88E19500987524 /* HeaderView.swift in Sources */ = {isa = PBXBuildFile; fileRef = 785560372B88E19500987524 /* HeaderView.swift */; };
		7855603A2B8907CF00987524 /* MyCustomTabBarController.swift in Sources */ = {isa = PBXBuildFile; fileRef = 785560392B8907CF00987524 /* MyCustomTabBarController.swift */; };
		785E19D42B947A110027DD86 /* QALabel.swift in Sources */ = {isa = PBXBuildFile; fileRef = 785E19D32B947A110027DD86 /* QALabel.swift */; };
		785E19D72B947B9A0027DD86 /* Constant.swift in Sources */ = {isa = PBXBuildFile; fileRef = 785E19D62B947B9A0027DD86 /* Constant.swift */; };
		785E19DD2B949F3E0027DD86 /* User.swift in Sources */ = {isa = PBXBuildFile; fileRef = 785E19DC2B949F3E0027DD86 /* User.swift */; };
		785E19E02B95E2E10027DD86 /* LoginView.swift in Sources */ = {isa = PBXBuildFile; fileRef = 785E19DF2B95E2E10027DD86 /* LoginView.swift */; };
		785E19E22B9884B90027DD86 /* ResultVC.swift in Sources */ = {isa = PBXBuildFile; fileRef = 785E19E12B9884B90027DD86 /* ResultVC.swift */; };
		785E19E42B9885680027DD86 /* ResultView.swift in Sources */ = {isa = PBXBuildFile; fileRef = 785E19E32B9885680027DD86 /* ResultView.swift */; };
		785E19E82B990FBD0027DD86 /* Localizable.strings in Resources */ = {isa = PBXBuildFile; fileRef = 785E19EA2B990FBD0027DD86 /* Localizable.strings */; };
		785E19ED2B9910300027DD86 /* String+Extension.swift in Sources */ = {isa = PBXBuildFile; fileRef = 785E19EC2B9910300027DD86 /* String+Extension.swift */; };
		786832F52B8C831700BB8E8B /* QuestionType.swift in Sources */ = {isa = PBXBuildFile; fileRef = 786832F42B8C831700BB8E8B /* QuestionType.swift */; };
		786832FA2B8CAB3B00BB8E8B /* QuestionService.swift in Sources */ = {isa = PBXBuildFile; fileRef = 786832F92B8CAB3B00BB8E8B /* QuestionService.swift */; };
		78BF798E2BAA3E8600A5EE77 /* GoogleService-Info.plist in Resources */ = {isa = PBXBuildFile; fileRef = 78BF798D2BAA3E8600A5EE77 /* GoogleService-Info.plist */; };
		78BF79922BAA3F0900A5EE77 /* FirebaseAuth in Frameworks */ = {isa = PBXBuildFile; productRef = 78BF79912BAA3F0900A5EE77 /* FirebaseAuth */; };
		78BF79942BAA3F0900A5EE77 /* FirebaseFirestore in Frameworks */ = {isa = PBXBuildFile; productRef = 78BF79932BAA3F0900A5EE77 /* FirebaseFirestore */; };
		78BF79962BAA3F0900A5EE77 /* FirebaseFirestoreSwift in Frameworks */ = {isa = PBXBuildFile; productRef = 78BF79952BAA3F0900A5EE77 /* FirebaseFirestoreSwift */; };
		78BF79982BAA457700A5EE77 /* FirebaseDatabase in Frameworks */ = {isa = PBXBuildFile; productRef = 78BF79972BAA457700A5EE77 /* FirebaseDatabase */; };
		78BF799A2BAA457700A5EE77 /* FirebaseDatabaseSwift in Frameworks */ = {isa = PBXBuildFile; productRef = 78BF79992BAA457700A5EE77 /* FirebaseDatabaseSwift */; };
		78E0B0932B890EA400BC8C4D /* SettingsVC.swift in Sources */ = {isa = PBXBuildFile; fileRef = 78E0B0922B890EA400BC8C4D /* SettingsVC.swift */; };
		78E0B0952B89174200BC8C4D /* UIColor+Extension.swift in Sources */ = {isa = PBXBuildFile; fileRef = 78E0B0942B89174200BC8C4D /* UIColor+Extension.swift */; };
		78E0B0982B89270400BC8C4D /* SettingsView.swift in Sources */ = {isa = PBXBuildFile; fileRef = 78E0B0972B89270400BC8C4D /* SettingsView.swift */; };
		78E0B0A52B8A15A100BC8C4D /* RouterVC.swift in Sources */ = {isa = PBXBuildFile; fileRef = 78E0B0A42B8A15A100BC8C4D /* RouterVC.swift */; };
		78F7E8E72B8637EB00CFF03D /* AppDelegate.swift in Sources */ = {isa = PBXBuildFile; fileRef = 78F7E8E62B8637EB00CFF03D /* AppDelegate.swift */; };
		78F7E8E92B8637EB00CFF03D /* SceneDelegate.swift in Sources */ = {isa = PBXBuildFile; fileRef = 78F7E8E82B8637EB00CFF03D /* SceneDelegate.swift */; };
		78F7E8F02B8637EC00CFF03D /* Assets.xcassets in Resources */ = {isa = PBXBuildFile; fileRef = 78F7E8EF2B8637EC00CFF03D /* Assets.xcassets */; };
		78F7E8F32B8637EC00CFF03D /* LaunchScreen.storyboard in Resources */ = {isa = PBXBuildFile; fileRef = 78F7E8F12B8637EC00CFF03D /* LaunchScreen.storyboard */; };
		78F7E8FE2B8637EC00CFF03D /* QuizAppTests.swift in Sources */ = {isa = PBXBuildFile; fileRef = 78F7E8FD2B8637EC00CFF03D /* QuizAppTests.swift */; };
		78F7E9082B8637EC00CFF03D /* QuizAppUITests.swift in Sources */ = {isa = PBXBuildFile; fileRef = 78F7E9072B8637EC00CFF03D /* QuizAppUITests.swift */; };
		78F7E90A2B8637EC00CFF03D /* QuizAppUITestsLaunchTests.swift in Sources */ = {isa = PBXBuildFile; fileRef = 78F7E9092B8637EC00CFF03D /* QuizAppUITestsLaunchTests.swift */; };
/* End PBXBuildFile section */

/* Begin PBXContainerItemProxy section */
		78F7E8FA2B8637EC00CFF03D /* PBXContainerItemProxy */ = {
			isa = PBXContainerItemProxy;
			containerPortal = 78F7E8DB2B8637EB00CFF03D /* Project object */;
			proxyType = 1;
			remoteGlobalIDString = 78F7E8E22B8637EB00CFF03D;
			remoteInfo = QuizApp;
		};
		78F7E9042B8637EC00CFF03D /* PBXContainerItemProxy */ = {
			isa = PBXContainerItemProxy;
			containerPortal = 78F7E8DB2B8637EB00CFF03D /* Project object */;
			proxyType = 1;
			remoteGlobalIDString = 78F7E8E22B8637EB00CFF03D;
			remoteInfo = QuizApp;
		};
/* End PBXContainerItemProxy section */

/* Begin PBXFileReference section */
		783D28F82B93B7E000E95BA1 /* PersistanceManager.swift */ = {isa = PBXFileReference; lastKnownFileType = sourcecode.swift; path = PersistanceManager.swift; sourceTree = "<group>"; };
		783D28FB2B93B8E000E95BA1 /* QAButton.swift */ = {isa = PBXFileReference; lastKnownFileType = sourcecode.swift; path = QAButton.swift; sourceTree = "<group>"; };
		783D28FD2B93BA0700E95BA1 /* QATextField.swift */ = {isa = PBXFileReference; lastKnownFileType = sourcecode.swift; path = QATextField.swift; sourceTree = "<group>"; };
		783D28FF2B93BAAE00E95BA1 /* QAPlayButton.swift */ = {isa = PBXFileReference; lastKnownFileType = sourcecode.swift; path = QAPlayButton.swift; sourceTree = "<group>"; };
		783D29012B93BE5C00E95BA1 /* ButtonSetup.swift */ = {isa = PBXFileReference; lastKnownFileType = sourcecode.swift; path = ButtonSetup.swift; sourceTree = "<group>"; };
		785083F72B8A3F680037288E /* GameVC.swift */ = {isa = PBXFileReference; lastKnownFileType = sourcecode.swift; path = GameVC.swift; sourceTree = "<group>"; };
		785083FD2B8A3F9B0037288E /* GameView.swift */ = {isa = PBXFileReference; lastKnownFileType = sourcecode.swift; path = GameView.swift; sourceTree = "<group>"; };
		785560112B864E3300987524 /* LoginVC.swift */ = {isa = PBXFileReference; lastKnownFileType = sourcecode.swift; path = LoginVC.swift; sourceTree = "<group>"; };
		785560132B864F6B00987524 /* MainVC.swift */ = {isa = PBXFileReference; lastKnownFileType = sourcecode.swift; path = MainVC.swift; sourceTree = "<group>"; };
		785560192B87A8EF00987524 /* Question.swift */ = {isa = PBXFileReference; lastKnownFileType = sourcecode.swift; path = Question.swift; sourceTree = "<group>"; };
		7855601B2B87AA0400987524 /* QuestionViewModel.swift */ = {isa = PBXFileReference; lastKnownFileType = sourcecode.swift; path = QuestionViewModel.swift; sourceTree = "<group>"; };
		785560282B88936500987524 /* UIImage+Extension.swift */ = {isa = PBXFileReference; lastKnownFileType = sourcecode.swift; path = "UIImage+Extension.swift"; sourceTree = "<group>"; };
		7855602B2B88CD2300987524 /* LoginStatus.swift */ = {isa = PBXFileReference; lastKnownFileType = sourcecode.swift; path = LoginStatus.swift; sourceTree = "<group>"; };
		785560302B88D6EC00987524 /* MainView.swift */ = {isa = PBXFileReference; lastKnownFileType = sourcecode.swift; path = MainView.swift; sourceTree = "<group>"; };
		785560342B88DFEC00987524 /* EasyToUse.swift */ = {isa = PBXFileReference; lastKnownFileType = sourcecode.swift; path = EasyToUse.swift; sourceTree = "<group>"; };
		785560372B88E19500987524 /* HeaderView.swift */ = {isa = PBXFileReference; lastKnownFileType = sourcecode.swift; path = HeaderView.swift; sourceTree = "<group>"; };
		785560392B8907CF00987524 /* MyCustomTabBarController.swift */ = {isa = PBXFileReference; lastKnownFileType = sourcecode.swift; path = MyCustomTabBarController.swift; sourceTree = "<group>"; };
		785E19D32B947A110027DD86 /* QALabel.swift */ = {isa = PBXFileReference; lastKnownFileType = sourcecode.swift; path = QALabel.swift; sourceTree = "<group>"; };
		785E19D62B947B9A0027DD86 /* Constant.swift */ = {isa = PBXFileReference; lastKnownFileType = sourcecode.swift; path = Constant.swift; sourceTree = "<group>"; };
		785E19DC2B949F3E0027DD86 /* User.swift */ = {isa = PBXFileReference; lastKnownFileType = sourcecode.swift; path = User.swift; sourceTree = "<group>"; };
		785E19DF2B95E2E10027DD86 /* LoginView.swift */ = {isa = PBXFileReference; lastKnownFileType = sourcecode.swift; path = LoginView.swift; sourceTree = "<group>"; };
		785E19E12B9884B90027DD86 /* ResultVC.swift */ = {isa = PBXFileReference; lastKnownFileType = sourcecode.swift; path = ResultVC.swift; sourceTree = "<group>"; };
		785E19E32B9885680027DD86 /* ResultView.swift */ = {isa = PBXFileReference; lastKnownFileType = sourcecode.swift; path = ResultView.swift; sourceTree = "<group>"; };
		785E19E52B990F710027DD86 /* cs */ = {isa = PBXFileReference; lastKnownFileType = text.plist.strings; name = cs; path = cs.lproj/LaunchScreen.strings; sourceTree = "<group>"; };
		785E19E92B990FBD0027DD86 /* en */ = {isa = PBXFileReference; lastKnownFileType = text.plist.strings; name = en; path = en.lproj/Localizable.strings; sourceTree = "<group>"; };
		785E19EB2B990FBF0027DD86 /* cs */ = {isa = PBXFileReference; lastKnownFileType = text.plist.strings; name = cs; path = cs.lproj/Localizable.strings; sourceTree = "<group>"; };
		785E19EC2B9910300027DD86 /* String+Extension.swift */ = {isa = PBXFileReference; lastKnownFileType = sourcecode.swift; path = "String+Extension.swift"; sourceTree = "<group>"; };
		786832F42B8C831700BB8E8B /* QuestionType.swift */ = {isa = PBXFileReference; lastKnownFileType = sourcecode.swift; path = QuestionType.swift; sourceTree = "<group>"; };
		786832F92B8CAB3B00BB8E8B /* QuestionService.swift */ = {isa = PBXFileReference; lastKnownFileType = sourcecode.swift; path = QuestionService.swift; sourceTree = "<group>"; };
		78BF798D2BAA3E8600A5EE77 /* GoogleService-Info.plist */ = {isa = PBXFileReference; fileEncoding = 4; lastKnownFileType = text.plist.xml; name = "GoogleService-Info.plist"; path = "../../../Downloads/GoogleService-Info.plist"; sourceTree = "<group>"; };
		78E0B0922B890EA400BC8C4D /* SettingsVC.swift */ = {isa = PBXFileReference; lastKnownFileType = sourcecode.swift; path = SettingsVC.swift; sourceTree = "<group>"; };
		78E0B0942B89174200BC8C4D /* UIColor+Extension.swift */ = {isa = PBXFileReference; lastKnownFileType = sourcecode.swift; path = "UIColor+Extension.swift"; sourceTree = "<group>"; };
		78E0B0972B89270400BC8C4D /* SettingsView.swift */ = {isa = PBXFileReference; lastKnownFileType = sourcecode.swift; path = SettingsView.swift; sourceTree = "<group>"; };
		78E0B0A42B8A15A100BC8C4D /* RouterVC.swift */ = {isa = PBXFileReference; lastKnownFileType = sourcecode.swift; path = RouterVC.swift; sourceTree = "<group>"; };
		78F7E8E32B8637EB00CFF03D /* QuizApp.app */ = {isa = PBXFileReference; explicitFileType = wrapper.application; includeInIndex = 0; path = QuizApp.app; sourceTree = BUILT_PRODUCTS_DIR; };
		78F7E8E62B8637EB00CFF03D /* AppDelegate.swift */ = {isa = PBXFileReference; lastKnownFileType = sourcecode.swift; path = AppDelegate.swift; sourceTree = "<group>"; };
		78F7E8E82B8637EB00CFF03D /* SceneDelegate.swift */ = {isa = PBXFileReference; lastKnownFileType = sourcecode.swift; path = SceneDelegate.swift; sourceTree = "<group>"; };
		78F7E8EF2B8637EC00CFF03D /* Assets.xcassets */ = {isa = PBXFileReference; lastKnownFileType = folder.assetcatalog; path = Assets.xcassets; sourceTree = "<group>"; };
		78F7E8F22B8637EC00CFF03D /* Base */ = {isa = PBXFileReference; lastKnownFileType = file.storyboard; name = Base; path = Base.lproj/LaunchScreen.storyboard; sourceTree = "<group>"; };
		78F7E8F42B8637EC00CFF03D /* Info.plist */ = {isa = PBXFileReference; lastKnownFileType = text.plist.xml; name = Info.plist; path = QuizApp/SupportingFiles/Info.plist; sourceTree = SOURCE_ROOT; };
		78F7E8F92B8637EC00CFF03D /* QuizAppTests.xctest */ = {isa = PBXFileReference; explicitFileType = wrapper.cfbundle; includeInIndex = 0; path = QuizAppTests.xctest; sourceTree = BUILT_PRODUCTS_DIR; };
		78F7E8FD2B8637EC00CFF03D /* QuizAppTests.swift */ = {isa = PBXFileReference; lastKnownFileType = sourcecode.swift; path = QuizAppTests.swift; sourceTree = "<group>"; };
		78F7E9032B8637EC00CFF03D /* QuizAppUITests.xctest */ = {isa = PBXFileReference; explicitFileType = wrapper.cfbundle; includeInIndex = 0; path = QuizAppUITests.xctest; sourceTree = BUILT_PRODUCTS_DIR; };
		78F7E9072B8637EC00CFF03D /* QuizAppUITests.swift */ = {isa = PBXFileReference; lastKnownFileType = sourcecode.swift; path = QuizAppUITests.swift; sourceTree = "<group>"; };
		78F7E9092B8637EC00CFF03D /* QuizAppUITestsLaunchTests.swift */ = {isa = PBXFileReference; lastKnownFileType = sourcecode.swift; path = QuizAppUITestsLaunchTests.swift; sourceTree = "<group>"; };
/* End PBXFileReference section */

/* Begin PBXFrameworksBuildPhase section */
		78F7E8E02B8637EB00CFF03D /* Frameworks */ = {
			isa = PBXFrameworksBuildPhase;
			buildActionMask = 2147483647;
			files = (
				78BF799A2BAA457700A5EE77 /* FirebaseDatabaseSwift in Frameworks */,
				78BF79922BAA3F0900A5EE77 /* FirebaseAuth in Frameworks */,
				78BF79942BAA3F0900A5EE77 /* FirebaseFirestore in Frameworks */,
				78BF79982BAA457700A5EE77 /* FirebaseDatabase in Frameworks */,
				78BF79962BAA3F0900A5EE77 /* FirebaseFirestoreSwift in Frameworks */,
			);
			runOnlyForDeploymentPostprocessing = 0;
		};
		78F7E8F62B8637EC00CFF03D /* Frameworks */ = {
			isa = PBXFrameworksBuildPhase;
			buildActionMask = 2147483647;
			files = (
			);
			runOnlyForDeploymentPostprocessing = 0;
		};
		78F7E9002B8637EC00CFF03D /* Frameworks */ = {
			isa = PBXFrameworksBuildPhase;
			buildActionMask = 2147483647;
			files = (
			);
			runOnlyForDeploymentPostprocessing = 0;
		};
/* End PBXFrameworksBuildPhase section */

/* Begin PBXGroup section */
		783D28F72B93B7D300E95BA1 /* Manager */ = {
			isa = PBXGroup;
			children = (
				783D28F82B93B7E000E95BA1 /* PersistanceManager.swift */,
			);
			path = Manager;
			sourceTree = "<group>";
		};
		783D28FA2B93B8BF00E95BA1 /* CustomViews */ = {
			isa = PBXGroup;
			children = (
				783D28FB2B93B8E000E95BA1 /* QAButton.swift */,
				783D28FD2B93BA0700E95BA1 /* QATextField.swift */,
				783D28FF2B93BAAE00E95BA1 /* QAPlayButton.swift */,
				785E19D32B947A110027DD86 /* QALabel.swift */,
			);
			path = CustomViews;
			sourceTree = "<group>";
		};
		7855600F2B86469F00987524 /* Assets */ = {
			isa = PBXGroup;
			children = (
				78F7E8EF2B8637EC00CFF03D /* Assets.xcassets */,
			);
			path = Assets;
			sourceTree = "<group>";
		};
		785560102B86474C00987524 /* Model */ = {
			isa = PBXGroup;
			children = (
				785560192B87A8EF00987524 /* Question.swift */,
				783D29012B93BE5C00E95BA1 /* ButtonSetup.swift */,
				785E19DC2B949F3E0027DD86 /* User.swift */,
			);
			path = Model;
			sourceTree = "<group>";
		};
		785560172B87A40600987524 /* View */ = {
			isa = PBXGroup;
			children = (
				785E19DF2B95E2E10027DD86 /* LoginView.swift */,
				785083FD2B8A3F9B0037288E /* GameView.swift */,
				78E0B0972B89270400BC8C4D /* SettingsView.swift */,
				785560372B88E19500987524 /* HeaderView.swift */,
				785560302B88D6EC00987524 /* MainView.swift */,
				785E19E32B9885680027DD86 /* ResultView.swift */,
			);
			path = View;
			sourceTree = "<group>";
		};
		7855601D2B87AA0B00987524 /* ViewModel */ = {
			isa = PBXGroup;
			children = (
				7855601B2B87AA0400987524 /* QuestionViewModel.swift */,
			);
			path = ViewModel;
			sourceTree = "<group>";
		};
		7855601E2B87AA3900987524 /* ViewController */ = {
			isa = PBXGroup;
			children = (
				785083F72B8A3F680037288E /* GameVC.swift */,
				78E0B0922B890EA400BC8C4D /* SettingsVC.swift */,
				785560112B864E3300987524 /* LoginVC.swift */,
				785560132B864F6B00987524 /* MainVC.swift */,
				785560392B8907CF00987524 /* MyCustomTabBarController.swift */,
				785E19E12B9884B90027DD86 /* ResultVC.swift */,
			);
			path = ViewController;
			sourceTree = "<group>";
		};
		785560232B888D7600987524 /* Extensions */ = {
			isa = PBXGroup;
			children = (
				785560282B88936500987524 /* UIImage+Extension.swift */,
				78E0B0942B89174200BC8C4D /* UIColor+Extension.swift */,
				785E19EC2B9910300027DD86 /* String+Extension.swift */,
			);
			path = Extensions;
			sourceTree = "<group>";
		};
		7855602A2B88CD0900987524 /* Enum */ = {
			isa = PBXGroup;
			children = (
				7855602B2B88CD2300987524 /* LoginStatus.swift */,
				786832F42B8C831700BB8E8B /* QuestionType.swift */,
			);
			path = Enum;
			sourceTree = "<group>";
		};
		785E19D52B947B890027DD86 /* Utilities */ = {
			isa = PBXGroup;
			children = (
				785E19D62B947B9A0027DD86 /* Constant.swift */,
				785560342B88DFEC00987524 /* EasyToUse.swift */,
			);
			path = Utilities;
			sourceTree = "<group>";
		};
		786832F82B8CAB2500BB8E8B /* Service */ = {
			isa = PBXGroup;
			children = (
				786832F92B8CAB3B00BB8E8B /* QuestionService.swift */,
			);
			path = Service;
			sourceTree = "<group>";
		};
		78BF79902BAA3F0900A5EE77 /* Frameworks */ = {
			isa = PBXGroup;
			children = (
			);
			name = Frameworks;
			sourceTree = "<group>";
		};
		78E0B0A32B8A158C00BC8C4D /* Router */ = {
			isa = PBXGroup;
			children = (
				78E0B0A42B8A15A100BC8C4D /* RouterVC.swift */,
			);
			path = Router;
			sourceTree = "<group>";
		};
		78F7E8DA2B8637EB00CFF03D = {
			isa = PBXGroup;
			children = (
				78BF798D2BAA3E8600A5EE77 /* GoogleService-Info.plist */,
				785E19EA2B990FBD0027DD86 /* Localizable.strings */,
				78F7E8E52B8637EB00CFF03D /* QuizApp */,
				78F7E8FC2B8637EC00CFF03D /* QuizAppTests */,
				78F7E9062B8637EC00CFF03D /* QuizAppUITests */,
				78F7E8E42B8637EB00CFF03D /* Products */,
				78BF79902BAA3F0900A5EE77 /* Frameworks */,
			);
			sourceTree = "<group>";
		};
		78F7E8E42B8637EB00CFF03D /* Products */ = {
			isa = PBXGroup;
			children = (
				78F7E8E32B8637EB00CFF03D /* QuizApp.app */,
				78F7E8F92B8637EC00CFF03D /* QuizAppTests.xctest */,
				78F7E9032B8637EC00CFF03D /* QuizAppUITests.xctest */,
			);
			name = Products;
			sourceTree = "<group>";
		};
		78F7E8E52B8637EB00CFF03D /* QuizApp */ = {
			isa = PBXGroup;
			children = (
				785E19D52B947B890027DD86 /* Utilities */,
				783D28F72B93B7D300E95BA1 /* Manager */,
				786832F82B8CAB2500BB8E8B /* Service */,
				78E0B0A32B8A158C00BC8C4D /* Router */,
				783D28FA2B93B8BF00E95BA1 /* CustomViews */,
				7855601E2B87AA3900987524 /* ViewController */,
				785560172B87A40600987524 /* View */,
				785560102B86474C00987524 /* Model */,
				7855601D2B87AA0B00987524 /* ViewModel */,
				7855602A2B88CD0900987524 /* Enum */,
				785560232B888D7600987524 /* Extensions */,
				7855600F2B86469F00987524 /* Assets */,
				78F7E9162B863EAF00CFF03D /* SupportingFiles */,
			);
			path = QuizApp;
			sourceTree = "<group>";
		};
		78F7E8FC2B8637EC00CFF03D /* QuizAppTests */ = {
			isa = PBXGroup;
			children = (
				78F7E8FD2B8637EC00CFF03D /* QuizAppTests.swift */,
			);
			path = QuizAppTests;
			sourceTree = "<group>";
		};
		78F7E9062B8637EC00CFF03D /* QuizAppUITests */ = {
			isa = PBXGroup;
			children = (
				78F7E9072B8637EC00CFF03D /* QuizAppUITests.swift */,
				78F7E9092B8637EC00CFF03D /* QuizAppUITestsLaunchTests.swift */,
			);
			path = QuizAppUITests;
			sourceTree = "<group>";
		};
		78F7E9162B863EAF00CFF03D /* SupportingFiles */ = {
			isa = PBXGroup;
			children = (
				78F7E8E82B8637EB00CFF03D /* SceneDelegate.swift */,
				78F7E8E62B8637EB00CFF03D /* AppDelegate.swift */,
				78F7E8F12B8637EC00CFF03D /* LaunchScreen.storyboard */,
				78F7E8F42B8637EC00CFF03D /* Info.plist */,
			);
			path = SupportingFiles;
			sourceTree = "<group>";
		};
/* End PBXGroup section */

/* Begin PBXNativeTarget section */
		78F7E8E22B8637EB00CFF03D /* QuizApp */ = {
			isa = PBXNativeTarget;
			buildConfigurationList = 78F7E90D2B8637EC00CFF03D /* Build configuration list for PBXNativeTarget "QuizApp" */;
			buildPhases = (
				78F7E8DF2B8637EB00CFF03D /* Sources */,
				78F7E8E02B8637EB00CFF03D /* Frameworks */,
				78F7E8E12B8637EB00CFF03D /* Resources */,
			);
			buildRules = (
			);
			dependencies = (
			);
			name = QuizApp;
			packageProductDependencies = (
				78BF79912BAA3F0900A5EE77 /* FirebaseAuth */,
				78BF79932BAA3F0900A5EE77 /* FirebaseFirestore */,
				78BF79952BAA3F0900A5EE77 /* FirebaseFirestoreSwift */,
				78BF79972BAA457700A5EE77 /* FirebaseDatabase */,
				78BF79992BAA457700A5EE77 /* FirebaseDatabaseSwift */,
			);
			productName = QuizApp;
			productReference = 78F7E8E32B8637EB00CFF03D /* QuizApp.app */;
			productType = "com.apple.product-type.application";
		};
		78F7E8F82B8637EC00CFF03D /* QuizAppTests */ = {
			isa = PBXNativeTarget;
			buildConfigurationList = 78F7E9102B8637EC00CFF03D /* Build configuration list for PBXNativeTarget "QuizAppTests" */;
			buildPhases = (
				78F7E8F52B8637EC00CFF03D /* Sources */,
				78F7E8F62B8637EC00CFF03D /* Frameworks */,
				78F7E8F72B8637EC00CFF03D /* Resources */,
			);
			buildRules = (
			);
			dependencies = (
				78F7E8FB2B8637EC00CFF03D /* PBXTargetDependency */,
			);
			name = QuizAppTests;
			productName = QuizAppTests;
			productReference = 78F7E8F92B8637EC00CFF03D /* QuizAppTests.xctest */;
			productType = "com.apple.product-type.bundle.unit-test";
		};
		78F7E9022B8637EC00CFF03D /* QuizAppUITests */ = {
			isa = PBXNativeTarget;
			buildConfigurationList = 78F7E9132B8637EC00CFF03D /* Build configuration list for PBXNativeTarget "QuizAppUITests" */;
			buildPhases = (
				78F7E8FF2B8637EC00CFF03D /* Sources */,
				78F7E9002B8637EC00CFF03D /* Frameworks */,
				78F7E9012B8637EC00CFF03D /* Resources */,
			);
			buildRules = (
			);
			dependencies = (
				78F7E9052B8637EC00CFF03D /* PBXTargetDependency */,
			);
			name = QuizAppUITests;
			productName = QuizAppUITests;
			productReference = 78F7E9032B8637EC00CFF03D /* QuizAppUITests.xctest */;
			productType = "com.apple.product-type.bundle.ui-testing";
		};
/* End PBXNativeTarget section */

/* Begin PBXProject section */
		78F7E8DB2B8637EB00CFF03D /* Project object */ = {
			isa = PBXProject;
			attributes = {
				BuildIndependentTargetsInParallel = 1;
				LastSwiftUpdateCheck = 1520;
				LastUpgradeCheck = 1520;
				TargetAttributes = {
					78F7E8E22B8637EB00CFF03D = {
						CreatedOnToolsVersion = 15.2;
					};
					78F7E8F82B8637EC00CFF03D = {
						CreatedOnToolsVersion = 15.2;
						TestTargetID = 78F7E8E22B8637EB00CFF03D;
					};
					78F7E9022B8637EC00CFF03D = {
						CreatedOnToolsVersion = 15.2;
						TestTargetID = 78F7E8E22B8637EB00CFF03D;
					};
				};
			};
			buildConfigurationList = 78F7E8DE2B8637EB00CFF03D /* Build configuration list for PBXProject "QuizApp" */;
			compatibilityVersion = "Xcode 14.0";
			developmentRegion = en;
			hasScannedForEncodings = 0;
			knownRegions = (
				en,
				Base,
				cs,
			);
			mainGroup = 78F7E8DA2B8637EB00CFF03D;
			packageReferences = (
				78BF798F2BAA3ED000A5EE77 /* XCRemoteSwiftPackageReference "firebase-ios-sdk" */,
			);
			productRefGroup = 78F7E8E42B8637EB00CFF03D /* Products */;
			projectDirPath = "";
			projectRoot = "";
			targets = (
				78F7E8E22B8637EB00CFF03D /* QuizApp */,
				78F7E8F82B8637EC00CFF03D /* QuizAppTests */,
				78F7E9022B8637EC00CFF03D /* QuizAppUITests */,
			);
		};
/* End PBXProject section */

/* Begin PBXResourcesBuildPhase section */
		78F7E8E12B8637EB00CFF03D /* Resources */ = {
			isa = PBXResourcesBuildPhase;
			buildActionMask = 2147483647;
			files = (
				78F7E8F32B8637EC00CFF03D /* LaunchScreen.storyboard in Resources */,
				78BF798E2BAA3E8600A5EE77 /* GoogleService-Info.plist in Resources */,
				785E19E82B990FBD0027DD86 /* Localizable.strings in Resources */,
				78F7E8F02B8637EC00CFF03D /* Assets.xcassets in Resources */,
			);
			runOnlyForDeploymentPostprocessing = 0;
		};
		78F7E8F72B8637EC00CFF03D /* Resources */ = {
			isa = PBXResourcesBuildPhase;
			buildActionMask = 2147483647;
			files = (
			);
			runOnlyForDeploymentPostprocessing = 0;
		};
		78F7E9012B8637EC00CFF03D /* Resources */ = {
			isa = PBXResourcesBuildPhase;
			buildActionMask = 2147483647;
			files = (
			);
			runOnlyForDeploymentPostprocessing = 0;
		};
/* End PBXResourcesBuildPhase section */

/* Begin PBXSourcesBuildPhase section */
		78F7E8DF2B8637EB00CFF03D /* Sources */ = {
			isa = PBXSourcesBuildPhase;
			buildActionMask = 2147483647;
			files = (
				785083F82B8A3F680037288E /* GameVC.swift in Sources */,
				785560122B864E3300987524 /* LoginVC.swift in Sources */,
				783D28F92B93B7E000E95BA1 /* PersistanceManager.swift in Sources */,
				783D28FE2B93BA0700E95BA1 /* QATextField.swift in Sources */,
				785E19DD2B949F3E0027DD86 /* User.swift in Sources */,
				785E19E42B9885680027DD86 /* ResultView.swift in Sources */,
				785560312B88D6EC00987524 /* MainView.swift in Sources */,
				785560352B88DFEC00987524 /* EasyToUse.swift in Sources */,
				783D28FC2B93B8E000E95BA1 /* QAButton.swift in Sources */,
				78E0B0982B89270400BC8C4D /* SettingsView.swift in Sources */,
				783D29022B93BE5C00E95BA1 /* ButtonSetup.swift in Sources */,
				785E19D72B947B9A0027DD86 /* Constant.swift in Sources */,
				7855602C2B88CD2300987524 /* LoginStatus.swift in Sources */,
				78E0B0952B89174200BC8C4D /* UIColor+Extension.swift in Sources */,
				7855601C2B87AA0400987524 /* QuestionViewModel.swift in Sources */,
				786832F52B8C831700BB8E8B /* QuestionType.swift in Sources */,
				7855603A2B8907CF00987524 /* MyCustomTabBarController.swift in Sources */,
				78E0B0932B890EA400BC8C4D /* SettingsVC.swift in Sources */,
				785E19ED2B9910300027DD86 /* String+Extension.swift in Sources */,
				785E19E02B95E2E10027DD86 /* LoginView.swift in Sources */,
				78F7E8E72B8637EB00CFF03D /* AppDelegate.swift in Sources */,
				783D29002B93BAAE00E95BA1 /* QAPlayButton.swift in Sources */,
				786832FA2B8CAB3B00BB8E8B /* QuestionService.swift in Sources */,
				785560292B88936500987524 /* UIImage+Extension.swift in Sources */,
				78F7E8E92B8637EB00CFF03D /* SceneDelegate.swift in Sources */,
				785E19E22B9884B90027DD86 /* ResultVC.swift in Sources */,
				7855601A2B87A8EF00987524 /* Question.swift in Sources */,
				785560142B864F6B00987524 /* MainVC.swift in Sources */,
				78E0B0A52B8A15A100BC8C4D /* RouterVC.swift in Sources */,
				785083FE2B8A3F9B0037288E /* GameView.swift in Sources */,
				785E19D42B947A110027DD86 /* QALabel.swift in Sources */,
				785560382B88E19500987524 /* HeaderView.swift in Sources */,
			);
			runOnlyForDeploymentPostprocessing = 0;
		};
		78F7E8F52B8637EC00CFF03D /* Sources */ = {
			isa = PBXSourcesBuildPhase;
			buildActionMask = 2147483647;
			files = (
				78F7E8FE2B8637EC00CFF03D /* QuizAppTests.swift in Sources */,
			);
			runOnlyForDeploymentPostprocessing = 0;
		};
		78F7E8FF2B8637EC00CFF03D /* Sources */ = {
			isa = PBXSourcesBuildPhase;
			buildActionMask = 2147483647;
			files = (
				78F7E9082B8637EC00CFF03D /* QuizAppUITests.swift in Sources */,
				78F7E90A2B8637EC00CFF03D /* QuizAppUITestsLaunchTests.swift in Sources */,
			);
			runOnlyForDeploymentPostprocessing = 0;
		};
/* End PBXSourcesBuildPhase section */

/* Begin PBXTargetDependency section */
		78F7E8FB2B8637EC00CFF03D /* PBXTargetDependency */ = {
			isa = PBXTargetDependency;
			target = 78F7E8E22B8637EB00CFF03D /* QuizApp */;
			targetProxy = 78F7E8FA2B8637EC00CFF03D /* PBXContainerItemProxy */;
		};
		78F7E9052B8637EC00CFF03D /* PBXTargetDependency */ = {
			isa = PBXTargetDependency;
			target = 78F7E8E22B8637EB00CFF03D /* QuizApp */;
			targetProxy = 78F7E9042B8637EC00CFF03D /* PBXContainerItemProxy */;
		};
/* End PBXTargetDependency section */

/* Begin PBXVariantGroup section */
		785E19EA2B990FBD0027DD86 /* Localizable.strings */ = {
			isa = PBXVariantGroup;
			children = (
				785E19E92B990FBD0027DD86 /* en */,
				785E19EB2B990FBF0027DD86 /* cs */,
			);
			name = Localizable.strings;
			sourceTree = "<group>";
		};
		78F7E8F12B8637EC00CFF03D /* LaunchScreen.storyboard */ = {
			isa = PBXVariantGroup;
			children = (
				78F7E8F22B8637EC00CFF03D /* Base */,
				785E19E52B990F710027DD86 /* cs */,
			);
			name = LaunchScreen.storyboard;
			sourceTree = "<group>";
		};
/* End PBXVariantGroup section */

/* Begin XCBuildConfiguration section */
		78F7E90B2B8637EC00CFF03D /* Debug */ = {
			isa = XCBuildConfiguration;
			buildSettings = {
				ALWAYS_SEARCH_USER_PATHS = NO;
				ASSETCATALOG_COMPILER_GENERATE_SWIFT_ASSET_SYMBOL_EXTENSIONS = YES;
				CLANG_ANALYZER_LOCALIZABILITY_NONLOCALIZED = YES;
				CLANG_ANALYZER_NONNULL = YES;
				CLANG_ANALYZER_NUMBER_OBJECT_CONVERSION = YES_AGGRESSIVE;
				CLANG_CXX_LANGUAGE_STANDARD = "gnu++20";
				CLANG_ENABLE_MODULES = YES;
				CLANG_ENABLE_OBJC_ARC = YES;
				CLANG_ENABLE_OBJC_WEAK = YES;
				CLANG_WARN_BLOCK_CAPTURE_AUTORELEASING = YES;
				CLANG_WARN_BOOL_CONVERSION = YES;
				CLANG_WARN_COMMA = YES;
				CLANG_WARN_CONSTANT_CONVERSION = YES;
				CLANG_WARN_DEPRECATED_OBJC_IMPLEMENTATIONS = YES;
				CLANG_WARN_DIRECT_OBJC_ISA_USAGE = YES_ERROR;
				CLANG_WARN_DOCUMENTATION_COMMENTS = YES;
				CLANG_WARN_EMPTY_BODY = YES;
				CLANG_WARN_ENUM_CONVERSION = YES;
				CLANG_WARN_INFINITE_RECURSION = YES;
				CLANG_WARN_INT_CONVERSION = YES;
				CLANG_WARN_NON_LITERAL_NULL_CONVERSION = YES;
				CLANG_WARN_OBJC_IMPLICIT_RETAIN_SELF = YES;
				CLANG_WARN_OBJC_LITERAL_CONVERSION = YES;
				CLANG_WARN_OBJC_ROOT_CLASS = YES_ERROR;
				CLANG_WARN_QUOTED_INCLUDE_IN_FRAMEWORK_HEADER = YES;
				CLANG_WARN_RANGE_LOOP_ANALYSIS = YES;
				CLANG_WARN_STRICT_PROTOTYPES = YES;
				CLANG_WARN_SUSPICIOUS_MOVE = YES;
				CLANG_WARN_UNGUARDED_AVAILABILITY = YES_AGGRESSIVE;
				CLANG_WARN_UNREACHABLE_CODE = YES;
				CLANG_WARN__DUPLICATE_METHOD_MATCH = YES;
				COPY_PHASE_STRIP = NO;
				DEBUG_INFORMATION_FORMAT = dwarf;
				ENABLE_STRICT_OBJC_MSGSEND = YES;
				ENABLE_TESTABILITY = YES;
				ENABLE_USER_SCRIPT_SANDBOXING = YES;
				GCC_C_LANGUAGE_STANDARD = gnu17;
				GCC_DYNAMIC_NO_PIC = NO;
				GCC_NO_COMMON_BLOCKS = YES;
				GCC_OPTIMIZATION_LEVEL = 0;
				GCC_PREPROCESSOR_DEFINITIONS = (
					"DEBUG=1",
					"$(inherited)",
				);
				GCC_WARN_64_TO_32_BIT_CONVERSION = YES;
				GCC_WARN_ABOUT_RETURN_TYPE = YES_ERROR;
				GCC_WARN_UNDECLARED_SELECTOR = YES;
				GCC_WARN_UNINITIALIZED_AUTOS = YES_AGGRESSIVE;
				GCC_WARN_UNUSED_FUNCTION = YES;
				GCC_WARN_UNUSED_VARIABLE = YES;
				IPHONEOS_DEPLOYMENT_TARGET = 17.2;
				LOCALIZATION_PREFERS_STRING_CATALOGS = YES;
				MTL_ENABLE_DEBUG_INFO = INCLUDE_SOURCE;
				MTL_FAST_MATH = YES;
				ONLY_ACTIVE_ARCH = YES;
				SDKROOT = iphoneos;
				SWIFT_ACTIVE_COMPILATION_CONDITIONS = "DEBUG $(inherited)";
				SWIFT_OPTIMIZATION_LEVEL = "-Onone";
			};
			name = Debug;
		};
		78F7E90C2B8637EC00CFF03D /* Release */ = {
			isa = XCBuildConfiguration;
			buildSettings = {
				ALWAYS_SEARCH_USER_PATHS = NO;
				ASSETCATALOG_COMPILER_GENERATE_SWIFT_ASSET_SYMBOL_EXTENSIONS = YES;
				CLANG_ANALYZER_LOCALIZABILITY_NONLOCALIZED = YES;
				CLANG_ANALYZER_NONNULL = YES;
				CLANG_ANALYZER_NUMBER_OBJECT_CONVERSION = YES_AGGRESSIVE;
				CLANG_CXX_LANGUAGE_STANDARD = "gnu++20";
				CLANG_ENABLE_MODULES = YES;
				CLANG_ENABLE_OBJC_ARC = YES;
				CLANG_ENABLE_OBJC_WEAK = YES;
				CLANG_WARN_BLOCK_CAPTURE_AUTORELEASING = YES;
				CLANG_WARN_BOOL_CONVERSION = YES;
				CLANG_WARN_COMMA = YES;
				CLANG_WARN_CONSTANT_CONVERSION = YES;
				CLANG_WARN_DEPRECATED_OBJC_IMPLEMENTATIONS = YES;
				CLANG_WARN_DIRECT_OBJC_ISA_USAGE = YES_ERROR;
				CLANG_WARN_DOCUMENTATION_COMMENTS = YES;
				CLANG_WARN_EMPTY_BODY = YES;
				CLANG_WARN_ENUM_CONVERSION = YES;
				CLANG_WARN_INFINITE_RECURSION = YES;
				CLANG_WARN_INT_CONVERSION = YES;
				CLANG_WARN_NON_LITERAL_NULL_CONVERSION = YES;
				CLANG_WARN_OBJC_IMPLICIT_RETAIN_SELF = YES;
				CLANG_WARN_OBJC_LITERAL_CONVERSION = YES;
				CLANG_WARN_OBJC_ROOT_CLASS = YES_ERROR;
				CLANG_WARN_QUOTED_INCLUDE_IN_FRAMEWORK_HEADER = YES;
				CLANG_WARN_RANGE_LOOP_ANALYSIS = YES;
				CLANG_WARN_STRICT_PROTOTYPES = YES;
				CLANG_WARN_SUSPICIOUS_MOVE = YES;
				CLANG_WARN_UNGUARDED_AVAILABILITY = YES_AGGRESSIVE;
				CLANG_WARN_UNREACHABLE_CODE = YES;
				CLANG_WARN__DUPLICATE_METHOD_MATCH = YES;
				COPY_PHASE_STRIP = NO;
				DEBUG_INFORMATION_FORMAT = "dwarf-with-dsym";
				ENABLE_NS_ASSERTIONS = NO;
				ENABLE_STRICT_OBJC_MSGSEND = YES;
				ENABLE_USER_SCRIPT_SANDBOXING = YES;
				GCC_C_LANGUAGE_STANDARD = gnu17;
				GCC_NO_COMMON_BLOCKS = YES;
				GCC_WARN_64_TO_32_BIT_CONVERSION = YES;
				GCC_WARN_ABOUT_RETURN_TYPE = YES_ERROR;
				GCC_WARN_UNDECLARED_SELECTOR = YES;
				GCC_WARN_UNINITIALIZED_AUTOS = YES_AGGRESSIVE;
				GCC_WARN_UNUSED_FUNCTION = YES;
				GCC_WARN_UNUSED_VARIABLE = YES;
				IPHONEOS_DEPLOYMENT_TARGET = 17.2;
				LOCALIZATION_PREFERS_STRING_CATALOGS = YES;
				MTL_ENABLE_DEBUG_INFO = NO;
				MTL_FAST_MATH = YES;
				SDKROOT = iphoneos;
				SWIFT_COMPILATION_MODE = wholemodule;
				VALIDATE_PRODUCT = YES;
			};
			name = Release;
		};
		78F7E90E2B8637EC00CFF03D /* Debug */ = {
			isa = XCBuildConfiguration;
			buildSettings = {
				ASSETCATALOG_COMPILER_APPICON_NAME = AppIcon;
				ASSETCATALOG_COMPILER_GLOBAL_ACCENT_COLOR_NAME = AccentColor;
				CODE_SIGN_STYLE = Automatic;
				CURRENT_PROJECT_VERSION = 1;
				DEVELOPMENT_TEAM = K3XWRTF242;
				GENERATE_INFOPLIST_FILE = YES;
				INFOPLIST_FILE = QuizApp/SupportingFiles/Info.plist;
				INFOPLIST_KEY_CFBundleDisplayName = GameQuiz;
				INFOPLIST_KEY_LSApplicationCategoryType = "public.app-category.games";
				INFOPLIST_KEY_UIApplicationSupportsIndirectInputEvents = YES;
				INFOPLIST_KEY_UILaunchStoryboardName = LaunchScreen;
				INFOPLIST_KEY_UIStatusBarHidden = NO;
				INFOPLIST_KEY_UISupportedInterfaceOrientations = UIInterfaceOrientationPortrait;
				INFOPLIST_KEY_UISupportedInterfaceOrientations_iPad = "UIInterfaceOrientationLandscapeLeft UIInterfaceOrientationLandscapeRight UIInterfaceOrientationPortrait UIInterfaceOrientationPortraitUpsideDown";
				IPHONEOS_DEPLOYMENT_TARGET = 16.0;
				LD_RUNPATH_SEARCH_PATHS = (
					"$(inherited)",
					"@executable_path/Frameworks",
				);
				MARKETING_VERSION = 1.0;
				PRODUCT_BUNDLE_IDENTIFIER = mareksrutka.QuizApp;
				PRODUCT_NAME = "$(TARGET_NAME)";
				SUPPORTED_PLATFORMS = "iphoneos iphonesimulator";
				SUPPORTS_MACCATALYST = NO;
				SUPPORTS_MAC_DESIGNED_FOR_IPHONE_IPAD = NO;
				SUPPORTS_XR_DESIGNED_FOR_IPHONE_IPAD = NO;
				SWIFT_EMIT_LOC_STRINGS = YES;
				SWIFT_VERSION = 5.0;
				TARGETED_DEVICE_FAMILY = 1;
			};
			name = Debug;
		};
		78F7E90F2B8637EC00CFF03D /* Release */ = {
			isa = XCBuildConfiguration;
			buildSettings = {
				ASSETCATALOG_COMPILER_APPICON_NAME = AppIcon;
				ASSETCATALOG_COMPILER_GLOBAL_ACCENT_COLOR_NAME = AccentColor;
				CODE_SIGN_STYLE = Automatic;
				CURRENT_PROJECT_VERSION = 1;
				DEVELOPMENT_TEAM = K3XWRTF242;
				GENERATE_INFOPLIST_FILE = YES;
				INFOPLIST_FILE = QuizApp/SupportingFiles/Info.plist;
				INFOPLIST_KEY_CFBundleDisplayName = GameQuiz;
				INFOPLIST_KEY_LSApplicationCategoryType = "public.app-category.games";
				INFOPLIST_KEY_UIApplicationSupportsIndirectInputEvents = YES;
				INFOPLIST_KEY_UILaunchStoryboardName = LaunchScreen;
				INFOPLIST_KEY_UIStatusBarHidden = NO;
				INFOPLIST_KEY_UISupportedInterfaceOrientations = UIInterfaceOrientationPortrait;
				INFOPLIST_KEY_UISupportedInterfaceOrientations_iPad = "UIInterfaceOrientationLandscapeLeft UIInterfaceOrientationLandscapeRight UIInterfaceOrientationPortrait UIInterfaceOrientationPortraitUpsideDown";
				IPHONEOS_DEPLOYMENT_TARGET = 16.0;
				LD_RUNPATH_SEARCH_PATHS = (
					"$(inherited)",
					"@executable_path/Frameworks",
				);
				MARKETING_VERSION = 1.0;
				PRODUCT_BUNDLE_IDENTIFIER = mareksrutka.QuizApp;
				PRODUCT_NAME = "$(TARGET_NAME)";
				SUPPORTED_PLATFORMS = "iphoneos iphonesimulator";
				SUPPORTS_MACCATALYST = NO;
				SUPPORTS_MAC_DESIGNED_FOR_IPHONE_IPAD = NO;
				SUPPORTS_XR_DESIGNED_FOR_IPHONE_IPAD = NO;
				SWIFT_EMIT_LOC_STRINGS = YES;
				SWIFT_VERSION = 5.0;
				TARGETED_DEVICE_FAMILY = 1;
			};
			name = Release;
		};
		78F7E9112B8637EC00CFF03D /* Debug */ = {
			isa = XCBuildConfiguration;
			buildSettings = {
				ALWAYS_EMBED_SWIFT_STANDARD_LIBRARIES = YES;
				BUNDLE_LOADER = "$(TEST_HOST)";
				CODE_SIGN_STYLE = Automatic;
				CURRENT_PROJECT_VERSION = 1;
				DEVELOPMENT_TEAM = K3XWRTF242;
				GENERATE_INFOPLIST_FILE = YES;
				IPHONEOS_DEPLOYMENT_TARGET = 17.2;
				MARKETING_VERSION = 1.0;
				PRODUCT_BUNDLE_IDENTIFIER = mareksrutka.QuizAppTests;
				PRODUCT_NAME = "$(TARGET_NAME)";
				SWIFT_EMIT_LOC_STRINGS = NO;
				SWIFT_VERSION = 5.0;
				TARGETED_DEVICE_FAMILY = "1,2";
				TEST_HOST = "$(BUILT_PRODUCTS_DIR)/QuizApp.app/$(BUNDLE_EXECUTABLE_FOLDER_PATH)/QuizApp";
			};
			name = Debug;
		};
		78F7E9122B8637EC00CFF03D /* Release */ = {
			isa = XCBuildConfiguration;
			buildSettings = {
				ALWAYS_EMBED_SWIFT_STANDARD_LIBRARIES = YES;
				BUNDLE_LOADER = "$(TEST_HOST)";
				CODE_SIGN_STYLE = Automatic;
				CURRENT_PROJECT_VERSION = 1;
				DEVELOPMENT_TEAM = K3XWRTF242;
				GENERATE_INFOPLIST_FILE = YES;
				IPHONEOS_DEPLOYMENT_TARGET = 17.2;
				MARKETING_VERSION = 1.0;
				PRODUCT_BUNDLE_IDENTIFIER = mareksrutka.QuizAppTests;
				PRODUCT_NAME = "$(TARGET_NAME)";
				SWIFT_EMIT_LOC_STRINGS = NO;
				SWIFT_VERSION = 5.0;
				TARGETED_DEVICE_FAMILY = "1,2";
				TEST_HOST = "$(BUILT_PRODUCTS_DIR)/QuizApp.app/$(BUNDLE_EXECUTABLE_FOLDER_PATH)/QuizApp";
			};
			name = Release;
		};
		78F7E9142B8637EC00CFF03D /* Debug */ = {
			isa = XCBuildConfiguration;
			buildSettings = {
				ALWAYS_EMBED_SWIFT_STANDARD_LIBRARIES = YES;
				CODE_SIGN_STYLE = Automatic;
				CURRENT_PROJECT_VERSION = 1;
				DEVELOPMENT_TEAM = K3XWRTF242;
				GENERATE_INFOPLIST_FILE = YES;
				MARKETING_VERSION = 1.0;
				PRODUCT_BUNDLE_IDENTIFIER = mareksrutka.QuizAppUITests;
				PRODUCT_NAME = "$(TARGET_NAME)";
				SWIFT_EMIT_LOC_STRINGS = NO;
				SWIFT_VERSION = 5.0;
				TARGETED_DEVICE_FAMILY = "1,2";
				TEST_TARGET_NAME = QuizApp;
			};
			name = Debug;
		};
		78F7E9152B8637EC00CFF03D /* Release */ = {
			isa = XCBuildConfiguration;
			buildSettings = {
				ALWAYS_EMBED_SWIFT_STANDARD_LIBRARIES = YES;
				CODE_SIGN_STYLE = Automatic;
				CURRENT_PROJECT_VERSION = 1;
				DEVELOPMENT_TEAM = K3XWRTF242;
				GENERATE_INFOPLIST_FILE = YES;
				MARKETING_VERSION = 1.0;
				PRODUCT_BUNDLE_IDENTIFIER = mareksrutka.QuizAppUITests;
				PRODUCT_NAME = "$(TARGET_NAME)";
				SWIFT_EMIT_LOC_STRINGS = NO;
				SWIFT_VERSION = 5.0;
				TARGETED_DEVICE_FAMILY = "1,2";
				TEST_TARGET_NAME = QuizApp;
			};
			name = Release;
		};
/* End XCBuildConfiguration section */

/* Begin XCConfigurationList section */
		78F7E8DE2B8637EB00CFF03D /* Build configuration list for PBXProject "QuizApp" */ = {
			isa = XCConfigurationList;
			buildConfigurations = (
				78F7E90B2B8637EC00CFF03D /* Debug */,
				78F7E90C2B8637EC00CFF03D /* Release */,
			);
			defaultConfigurationIsVisible = 0;
			defaultConfigurationName = Release;
		};
		78F7E90D2B8637EC00CFF03D /* Build configuration list for PBXNativeTarget "QuizApp" */ = {
			isa = XCConfigurationList;
			buildConfigurations = (
				78F7E90E2B8637EC00CFF03D /* Debug */,
				78F7E90F2B8637EC00CFF03D /* Release */,
			);
			defaultConfigurationIsVisible = 0;
			defaultConfigurationName = Release;
		};
		78F7E9102B8637EC00CFF03D /* Build configuration list for PBXNativeTarget "QuizAppTests" */ = {
			isa = XCConfigurationList;
			buildConfigurations = (
				78F7E9112B8637EC00CFF03D /* Debug */,
				78F7E9122B8637EC00CFF03D /* Release */,
			);
			defaultConfigurationIsVisible = 0;
			defaultConfigurationName = Release;
		};
		78F7E9132B8637EC00CFF03D /* Build configuration list for PBXNativeTarget "QuizAppUITests" */ = {
			isa = XCConfigurationList;
			buildConfigurations = (
				78F7E9142B8637EC00CFF03D /* Debug */,
				78F7E9152B8637EC00CFF03D /* Release */,
			);
			defaultConfigurationIsVisible = 0;
			defaultConfigurationName = Release;
		};
/* End XCConfigurationList section */

/* Begin XCRemoteSwiftPackageReference section */
		78BF798F2BAA3ED000A5EE77 /* XCRemoteSwiftPackageReference "firebase-ios-sdk" */ = {
			isa = XCRemoteSwiftPackageReference;
			repositoryURL = "https://github.com/firebase/firebase-ios-sdk";
			requirement = {
				kind = upToNextMajorVersion;
				minimumVersion = 10.23.0;
			};
		};
/* End XCRemoteSwiftPackageReference section */

/* Begin XCSwiftPackageProductDependency section */
		78BF79912BAA3F0900A5EE77 /* FirebaseAuth */ = {
			isa = XCSwiftPackageProductDependency;
			package = 78BF798F2BAA3ED000A5EE77 /* XCRemoteSwiftPackageReference "firebase-ios-sdk" */;
			productName = FirebaseAuth;
		};
		78BF79932BAA3F0900A5EE77 /* FirebaseFirestore */ = {
			isa = XCSwiftPackageProductDependency;
			package = 78BF798F2BAA3ED000A5EE77 /* XCRemoteSwiftPackageReference "firebase-ios-sdk" */;
			productName = FirebaseFirestore;
		};
		78BF79952BAA3F0900A5EE77 /* FirebaseFirestoreSwift */ = {
			isa = XCSwiftPackageProductDependency;
			package = 78BF798F2BAA3ED000A5EE77 /* XCRemoteSwiftPackageReference "firebase-ios-sdk" */;
			productName = FirebaseFirestoreSwift;
		};
		78BF79972BAA457700A5EE77 /* FirebaseDatabase */ = {
			isa = XCSwiftPackageProductDependency;
			package = 78BF798F2BAA3ED000A5EE77 /* XCRemoteSwiftPackageReference "firebase-ios-sdk" */;
			productName = FirebaseDatabase;
		};
		78BF79992BAA457700A5EE77 /* FirebaseDatabaseSwift */ = {
			isa = XCSwiftPackageProductDependency;
			package = 78BF798F2BAA3ED000A5EE77 /* XCRemoteSwiftPackageReference "firebase-ios-sdk" */;
			productName = FirebaseDatabaseSwift;
		};
/* End XCSwiftPackageProductDependency section */
	};
	rootObject = 78F7E8DB2B8637EB00CFF03D /* Project object */;
}
